Microsoft Visual Studio Solution File, Format Version 12.00
# Visual Studio Version 17
VisualStudioVersion = 17.5.2.0
MinimumVisualStudioVersion = 10.0.40219.1
Project("{FAE04EC0-301F-11D3-BF4B-00C04F79EFBC}") = "lab21_baby_json_parser", "lab21_baby_json_parser.csproj", "{A95D11AA-BB3E-59F7-EA53-65D23E4680E9}"
EndProject
Global
	GlobalSection(SolutionConfigurationPlatforms) = preSolution
		Debug|Any CPU = Debug|Any CPU
		Release|Any CPU = Release|Any CPU
	EndGlobalSection
	GlobalSection(ProjectConfigurationPlatforms) = postSolution
		{A95D11AA-BB3E-59F7-EA53-65D23E4680E9}.Debug|Any CPU.ActiveCfg = Debug|Any CPU
		{A95D11AA-BB3E-59F7-EA53-65D23E4680E9}.Debug|Any CPU.Build.0 = Debug|Any CPU
		{A95D11AA-BB3E-59F7-EA53-65D23E4680E9}.Release|Any CPU.ActiveCfg = Release|Any CPU
		{A95D11AA-BB3E-59F7-EA53-65D23E4680E9}.Release|Any CPU.Build.0 = Release|Any CPU
	EndGlobalSection
	GlobalSection(SolutionProperties) = preSolution
		HideSolutionNode = FALSE
	EndGlobalSection
	GlobalSection(ExtensibilityGlobals) = postSolution
		SolutionGuid = {0C352E0A-4920-4846-ADCA-40DA2C13DDF0}
	EndGlobalSection
EndGlobal
